
Microsoft Visual Studio Solution File, Format Version 12.00
# Visual Studio 2013
VisualStudioVersion = 12.0.21005.1
MinimumVisualStudioVersion = 10.0.40219.1
Project("{E24C65DC-7377-472B-9ABA-BC803B73C61A}") = "src", "http://localhost:10774", "{72720589-365A-4A43-9756-D16BB20E5658}"
	ProjectSection(WebsiteProperties) = preProject
		UseIISExpress = "true"
		TargetFrameworkMoniker = ".NETFramework,Version%3Dv4.0"
		Debug.AspNetCompiler.VirtualPath = "/localhost_10774"
		Debug.AspNetCompiler.PhysicalPath = "src\"
		Debug.AspNetCompiler.TargetPath = "PrecompiledWeb\localhost_10774\"
		Debug.AspNetCompiler.Updateable = "true"
		Debug.AspNetCompiler.ForceOverwrite = "true"
		Debug.AspNetCompiler.FixedNames = "false"
		Debug.AspNetCompiler.Debug = "True"
		Release.AspNetCompiler.VirtualPath = "/localhost_10774"
		Release.AspNetCompiler.PhysicalPath = "src\"
		Release.AspNetCompiler.TargetPath = "PrecompiledWeb\localhost_10774\"
		Release.AspNetCompiler.Updateable = "true"
		Release.AspNetCompiler.ForceOverwrite = "true"
		Release.AspNetCompiler.FixedNames = "false"
		Release.AspNetCompiler.Debug = "False"
		SlnRelativePath = "src\"
	EndProjectSection
EndProject
Project("{2150E333-8FDC-42A3-9474-1A3956D46DE8}") = "root", "root", "{E473F1C8-7793-4D04-80AF-28C3AED65543}"
	ProjectSection(SolutionItems) = preProject
		ABOUT.md = ABOUT.md
		bower.json = bower.json
		CHANGELOG.md = CHANGELOG.md
		config.js = config.js
		CONTRIBUTING.md = CONTRIBUTING.md
		gruntfile.js = gruntfile.js
		HISTORY.md = HISTORY.md
		LICENSE = LICENSE
		package.json = package.json
		README.md = README.md
		server-dev.js = server-dev.js
		server-prod.js = server-prod.js
	EndProjectSection
EndProject
Project("{2150E333-8FDC-42A3-9474-1A3956D46DE8}") = "scripts", "scripts", "{17F0080F-F3F6-44A9-B4F2-8C6E4A946342}"
	ProjectSection(SolutionItems) = preProject
		scripts\install.js = scripts\install.js
		scripts\uninstall.js = scripts\uninstall.js
	EndProjectSection
EndProject
Global
	GlobalSection(SolutionConfigurationPlatforms) = preSolution
		Debug|Any CPU = Debug|Any CPU
	EndGlobalSection
	GlobalSection(ProjectConfigurationPlatforms) = postSolution
		{72720589-365A-4A43-9756-D16BB20E5658}.Debug|Any CPU.ActiveCfg = Debug|Any CPU
		{72720589-365A-4A43-9756-D16BB20E5658}.Debug|Any CPU.Build.0 = Debug|Any CPU
	EndGlobalSection
	GlobalSection(SolutionProperties) = preSolution
		HideSolutionNode = FALSE
	EndGlobalSection
	GlobalSection(NestedProjects) = preSolution
		{17F0080F-F3F6-44A9-B4F2-8C6E4A946342} = {E473F1C8-7793-4D04-80AF-28C3AED65543}
	EndGlobalSection
EndGlobal
